Microsoft Visual Studio Solution File, Format Version 12.00
# Visual Studio 2012
Project("{D4F859A9-6C13-F551-A277-1B7FC3A78D38}") = "Portfolio", "Assembly-CSharp.csproj", "{16EC1C5D-FFA1-FF2E-A578-F10CB5401F9B}"
EndProject
Project("{D4F859A9-6C13-F551-A277-1B7FC3A78D38}") = "Portfolio", "Assembly-CSharp-Editor-firstpass.csproj", "{4A0D37BA-AF65-43FF-8F3A-D0C53CB91C9E}"
EndProject
Global
	GlobalSection(SolutionConfigurationPlatforms) = preSolution
		Debug|Any CPU = Debug|Any CPU
		Release|Any CPU = Release|Any CPU
	EndGlobalSection
	GlobalSection(ProjectConfigurationPlatforms) = postSolution
		{16EC1C5D-FFA1-FF2E-A578-F10CB5401F9B}.Debug|Any CPU.ActiveCfg = Debug|Any CPU
		{16EC1C5D-FFA1-FF2E-A578-F10CB5401F9B}.Debug|Any CPU.Build.0 = Debug|Any CPU
		{16EC1C5D-FFA1-FF2E-A578-F10CB5401F9B}.Release|Any CPU.ActiveCfg = Release|Any CPU
		{16EC1C5D-FFA1-FF2E-A578-F10CB5401F9B}.Release|Any CPU.Build.0 = Release|Any CPU
		{4A0D37BA-AF65-43FF-8F3A-D0C53CB91C9E}.Debug|Any CPU.ActiveCfg = Debug|Any CPU
		{4A0D37BA-AF65-43FF-8F3A-D0C53CB91C9E}.Debug|Any CPU.Build.0 = Debug|Any CPU
		{4A0D37BA-AF65-43FF-8F3A-D0C53CB91C9E}.Release|Any CPU.ActiveCfg = Release|Any CPU
		{4A0D37BA-AF65-43FF-8F3A-D0C53CB91C9E}.Release|Any CPU.Build.0 = Release|Any CPU
	EndGlobalSection
	GlobalSection(MonoDevelopProperties) = preSolution
		StartupItem = Assembly-CSharp.csproj
	EndGlobalSection
EndGlobal
